
Microsoft Visual Studio Solution File, Format Version 12.00
# Visual Studio Version 16
VisualStudioVersion = 16.0.31624.102
MinimumVisualStudioVersion = 10.0.40219.1
Project("{9A19103F-16F7-4668-BE54-9A1E7A4F7556}") = "Nitride.Mosaic", "Nitride.Mosaic\Nitride.Mosaic.csproj", "{32B49467-843B-421F-84E8-5161C5B008EB}"
EndProject
Project("{9A19103F-16F7-4668-BE54-9A1E7A4F7556}") = "Nitride", "..\Nitride\Nitride\Nitride.csproj", "{AC371641-AEC3-42AD-93E5-D9A48B2241BB}"
EndProject
Project("{9A19103F-16F7-4668-BE54-9A1E7A4F7556}") = "Nitride.Chart", "Nitride.Chart\Nitride.Chart.csproj", "{1704ACD5-FFB6-4E4D-ACF7-49A84EEDE159}"
EndProject
Project("{9A19103F-16F7-4668-BE54-9A1E7A4F7556}") = "Nitride.Test.VirtualBench", "Nitride.Test.VirtualBench\Nitride.Test.VirtualBench.csproj", "{4E842A4A-98EC-41A7-BC18-B3646C802D3F}"
EndProject
Project("{9A19103F-16F7-4668-BE54-9A1E7A4F7556}") = "Nitride.Test.Visa", "Nitride.Test.Visa\Nitride.Test.Visa.csproj", "{D446A773-FE8B-4BAD-B800-DE6E45877A11}"
EndProject
Global
	GlobalSection(SolutionConfigurationPlatforms) = preSolution
		Debug|Any CPU = Debug|Any CPU
		Debug|x64 = Debug|x64
		Release|Any CPU = Release|Any CPU
		Release|x64 = Release|x64
	EndGlobalSection
	GlobalSection(ProjectConfigurationPlatforms) = postSolution
		{32B49467-843B-421F-84E8-5161C5B008EB}.Debug|Any CPU.ActiveCfg = Debug|x64
		{32B49467-843B-421F-84E8-5161C5B008EB}.Debug|x64.ActiveCfg = Debug|x64
		{32B49467-843B-421F-84E8-5161C5B008EB}.Debug|x64.Build.0 = Debug|x64
		{32B49467-843B-421F-84E8-5161C5B008EB}.Release|Any CPU.ActiveCfg = Release|x64
		{32B49467-843B-421F-84E8-5161C5B008EB}.Release|x64.ActiveCfg = Release|x64
		{32B49467-843B-421F-84E8-5161C5B008EB}.Release|x64.Build.0 = Release|x64
		{AC371641-AEC3-42AD-93E5-D9A48B2241BB}.Debug|Any CPU.ActiveCfg = Debug|x64
		{AC371641-AEC3-42AD-93E5-D9A48B2241BB}.Debug|x64.ActiveCfg = Debug|x64
		{AC371641-AEC3-42AD-93E5-D9A48B2241BB}.Debug|x64.Build.0 = Debug|x64
		{AC371641-AEC3-42AD-93E5-D9A48B2241BB}.Release|Any CPU.ActiveCfg = Release|x64
		{AC371641-AEC3-42AD-93E5-D9A48B2241BB}.Release|x64.ActiveCfg = Release|x64
		{AC371641-AEC3-42AD-93E5-D9A48B2241BB}.Release|x64.Build.0 = Release|x64
		{1704ACD5-FFB6-4E4D-ACF7-49A84EEDE159}.Debug|Any CPU.ActiveCfg = Debug|x64
		{1704ACD5-FFB6-4E4D-ACF7-49A84EEDE159}.Debug|x64.ActiveCfg = Debug|x64
		{1704ACD5-FFB6-4E4D-ACF7-49A84EEDE159}.Debug|x64.Build.0 = Debug|x64
		{1704ACD5-FFB6-4E4D-ACF7-49A84EEDE159}.Release|Any CPU.ActiveCfg = Release|x64
		{1704ACD5-FFB6-4E4D-ACF7-49A84EEDE159}.Release|x64.ActiveCfg = Release|x64
		{1704ACD5-FFB6-4E4D-ACF7-49A84EEDE159}.Release|x64.Build.0 = Release|x64
		{4E842A4A-98EC-41A7-BC18-B3646C802D3F}.Debug|Any CPU.ActiveCfg = Debug|x64
		{4E842A4A-98EC-41A7-BC18-B3646C802D3F}.Debug|x64.ActiveCfg = Debug|x64
		{4E842A4A-98EC-41A7-BC18-B3646C802D3F}.Debug|x64.Build.0 = Debug|x64
		{4E842A4A-98EC-41A7-BC18-B3646C802D3F}.Release|Any CPU.ActiveCfg = Release|x64
		{4E842A4A-98EC-41A7-BC18-B3646C802D3F}.Release|x64.ActiveCfg = Release|x64
		{4E842A4A-98EC-41A7-BC18-B3646C802D3F}.Release|x64.Build.0 = Release|x64
		{D446A773-FE8B-4BAD-B800-DE6E45877A11}.Debug|Any CPU.ActiveCfg = Debug|x64
		{D446A773-FE8B-4BAD-B800-DE6E45877A11}.Debug|x64.ActiveCfg = Debug|x64
		{D446A773-FE8B-4BAD-B800-DE6E45877A11}.Debug|x64.Build.0 = Debug|x64
		{D446A773-FE8B-4BAD-B800-DE6E45877A11}.Release|Any CPU.ActiveCfg = Release|x64
		{D446A773-FE8B-4BAD-B800-DE6E45877A11}.Release|x64.ActiveCfg = Release|x64
		{D446A773-FE8B-4BAD-B800-DE6E45877A11}.Release|x64.Build.0 = Release|x64
	EndGlobalSection
	GlobalSection(SolutionProperties) = preSolution
		HideSolutionNode = FALSE
	EndGlobalSection
	GlobalSection(ExtensibilityGlobals) = postSolution
		SolutionGuid = {7D0C138D-3CF6-42D4-B4D9-45343D943C0A}
	EndGlobalSection
EndGlobal
