
Microsoft Visual Studio Solution File, Format Version 12.00
# Visual Studio Version 16
VisualStudioVersion = 16.0.31624.102
MinimumVisualStudioVersion = 10.0.40219.1
Project("{9A19103F-16F7-4668-BE54-9A1E7A4F7556}") = "Nitride.Test.VirtualBench", "Nitride.Test.VirtualBench\Nitride.Test.VirtualBench.csproj", "{4E842A4A-98EC-41A7-BC18-B3646C802D3F}"
EndProject
Project("{9A19103F-16F7-4668-BE54-9A1E7A4F7556}") = "Nitride.Test.Visa", "Nitride.Test.Visa\Nitride.Test.Visa.csproj", "{D446A773-FE8B-4BAD-B800-DE6E45877A11}"
EndProject
Project("{9A19103F-16F7-4668-BE54-9A1E7A4F7556}") = "Nitride.EE", "Nitride.EE\Nitride.EE.csproj", "{2DAED634-5764-4DF2-99FF-D0EFA5CD12CF}"
EndProject
Project("{9A19103F-16F7-4668-BE54-9A1E7A4F7556}") = "Nitride.EE.VirtualBench", "Nitride.EE.VirtualBench\Nitride.EE.VirtualBench.csproj", "{8307BFB1-F48A-4399-AAEA-EA89CA92C485}"
EndProject
Project("{9A19103F-16F7-4668-BE54-9A1E7A4F7556}") = "Nitride.EE.Visa", "Nitride.EE.Visa\Nitride.EE.Visa.csproj", "{8D987054-DC58-4E2B-9D82-A73A04577E33}"
EndProject
Project("{9A19103F-16F7-4668-BE54-9A1E7A4F7556}") = "Nitride.Test.Chart", "Nitride.Test.Chart\Nitride.Test.Chart.csproj", "{E1278887-B849-4B9A-9153-55CD0355A370}"
EndProject
Project("{9A19103F-16F7-4668-BE54-9A1E7A4F7556}") = "Nitride.Test.Mosaic", "Nitride.Test.Mosaic\Nitride.Test.Mosaic.csproj", "{F4649D2E-ACEE-45E7-A2C3-104B04C1F6EF}"
EndProject
Project("{9A19103F-16F7-4668-BE54-9A1E7A4F7556}") = "Nitride", "Nitride\Nitride.csproj", "{D9EE1E11-8983-4DC5-98E2-A31F8055CF82}"
EndProject
Project("{9A19103F-16F7-4668-BE54-9A1E7A4F7556}") = "Nitride.Test.FFT", "Nitride.Test.FFT\Nitride.Test.FFT.csproj", "{B05CB544-3622-4555-BB8B-4E09D9A58A86}"
EndProject
Project("{9A19103F-16F7-4668-BE54-9A1E7A4F7556}") = "Nitride.EE.WinUSB", "Nitride.EE.WinUSB\Nitride.EE.WinUSB.csproj", "{DA84A485-63E3-4369-A3C4-3258C9ECF1CF}"
EndProject
Project("{9A19103F-16F7-4668-BE54-9A1E7A4F7556}") = "WinUSB2_Test", "WinUSB2_Test\WinUSB2_Test.csproj", "{46F3424F-F3A4-4B26-B0C3-EBD7429442E1}"
EndProject
Project("{9A19103F-16F7-4668-BE54-9A1E7A4F7556}") = "S2PMerger", "S2PMerger\S2PMerger.csproj", "{EBC26A4B-E3CE-4035-9E5B-73789733A078}"
EndProject
Global
	GlobalSection(SolutionConfigurationPlatforms) = preSolution
		Debug|Any CPU = Debug|Any CPU
		Debug|x64 = Debug|x64
		Release|Any CPU = Release|Any CPU
		Release|x64 = Release|x64
	EndGlobalSection
	GlobalSection(ProjectConfigurationPlatforms) = postSolution
		{4E842A4A-98EC-41A7-BC18-B3646C802D3F}.Debug|Any CPU.ActiveCfg = Debug|x64
		{4E842A4A-98EC-41A7-BC18-B3646C802D3F}.Debug|Any CPU.Build.0 = Debug|x64
		{4E842A4A-98EC-41A7-BC18-B3646C802D3F}.Debug|x64.ActiveCfg = Debug|x64
		{4E842A4A-98EC-41A7-BC18-B3646C802D3F}.Debug|x64.Build.0 = Debug|x64
		{4E842A4A-98EC-41A7-BC18-B3646C802D3F}.Release|Any CPU.ActiveCfg = Release|x64
		{4E842A4A-98EC-41A7-BC18-B3646C802D3F}.Release|x64.ActiveCfg = Release|x64
		{4E842A4A-98EC-41A7-BC18-B3646C802D3F}.Release|x64.Build.0 = Release|x64
		{D446A773-FE8B-4BAD-B800-DE6E45877A11}.Debug|Any CPU.ActiveCfg = Debug|x64
		{D446A773-FE8B-4BAD-B800-DE6E45877A11}.Debug|Any CPU.Build.0 = Debug|x64
		{D446A773-FE8B-4BAD-B800-DE6E45877A11}.Debug|x64.ActiveCfg = Debug|x64
		{D446A773-FE8B-4BAD-B800-DE6E45877A11}.Debug|x64.Build.0 = Debug|x64
		{D446A773-FE8B-4BAD-B800-DE6E45877A11}.Release|Any CPU.ActiveCfg = Release|x64
		{D446A773-FE8B-4BAD-B800-DE6E45877A11}.Release|x64.ActiveCfg = Release|x64
		{D446A773-FE8B-4BAD-B800-DE6E45877A11}.Release|x64.Build.0 = Release|x64
		{2DAED634-5764-4DF2-99FF-D0EFA5CD12CF}.Debug|Any CPU.ActiveCfg = Debug|x64
		{2DAED634-5764-4DF2-99FF-D0EFA5CD12CF}.Debug|Any CPU.Build.0 = Debug|x64
		{2DAED634-5764-4DF2-99FF-D0EFA5CD12CF}.Debug|x64.ActiveCfg = Debug|x64
		{2DAED634-5764-4DF2-99FF-D0EFA5CD12CF}.Debug|x64.Build.0 = Debug|x64
		{2DAED634-5764-4DF2-99FF-D0EFA5CD12CF}.Release|Any CPU.ActiveCfg = Release|x64
		{2DAED634-5764-4DF2-99FF-D0EFA5CD12CF}.Release|x64.ActiveCfg = Release|x64
		{2DAED634-5764-4DF2-99FF-D0EFA5CD12CF}.Release|x64.Build.0 = Release|x64
		{8307BFB1-F48A-4399-AAEA-EA89CA92C485}.Debug|Any CPU.ActiveCfg = Debug|x64
		{8307BFB1-F48A-4399-AAEA-EA89CA92C485}.Debug|Any CPU.Build.0 = Debug|x64
		{8307BFB1-F48A-4399-AAEA-EA89CA92C485}.Debug|x64.ActiveCfg = Debug|x64
		{8307BFB1-F48A-4399-AAEA-EA89CA92C485}.Debug|x64.Build.0 = Debug|x64
		{8307BFB1-F48A-4399-AAEA-EA89CA92C485}.Release|Any CPU.ActiveCfg = Release|x64
		{8307BFB1-F48A-4399-AAEA-EA89CA92C485}.Release|x64.ActiveCfg = Release|x64
		{8307BFB1-F48A-4399-AAEA-EA89CA92C485}.Release|x64.Build.0 = Release|x64
		{8D987054-DC58-4E2B-9D82-A73A04577E33}.Debug|Any CPU.ActiveCfg = Debug|x64
		{8D987054-DC58-4E2B-9D82-A73A04577E33}.Debug|Any CPU.Build.0 = Debug|x64
		{8D987054-DC58-4E2B-9D82-A73A04577E33}.Debug|x64.ActiveCfg = Debug|x64
		{8D987054-DC58-4E2B-9D82-A73A04577E33}.Debug|x64.Build.0 = Debug|x64
		{8D987054-DC58-4E2B-9D82-A73A04577E33}.Release|Any CPU.ActiveCfg = Release|x64
		{8D987054-DC58-4E2B-9D82-A73A04577E33}.Release|x64.ActiveCfg = Release|x64
		{8D987054-DC58-4E2B-9D82-A73A04577E33}.Release|x64.Build.0 = Release|x64
		{E1278887-B849-4B9A-9153-55CD0355A370}.Debug|Any CPU.ActiveCfg = Debug|x64
		{E1278887-B849-4B9A-9153-55CD0355A370}.Debug|Any CPU.Build.0 = Debug|x64
		{E1278887-B849-4B9A-9153-55CD0355A370}.Debug|x64.ActiveCfg = Debug|x64
		{E1278887-B849-4B9A-9153-55CD0355A370}.Debug|x64.Build.0 = Debug|x64
		{E1278887-B849-4B9A-9153-55CD0355A370}.Release|Any CPU.ActiveCfg = Release|x64
		{E1278887-B849-4B9A-9153-55CD0355A370}.Release|x64.ActiveCfg = Release|x64
		{E1278887-B849-4B9A-9153-55CD0355A370}.Release|x64.Build.0 = Release|x64
		{F4649D2E-ACEE-45E7-A2C3-104B04C1F6EF}.Debug|Any CPU.ActiveCfg = Debug|x64
		{F4649D2E-ACEE-45E7-A2C3-104B04C1F6EF}.Debug|Any CPU.Build.0 = Debug|x64
		{F4649D2E-ACEE-45E7-A2C3-104B04C1F6EF}.Debug|x64.ActiveCfg = Debug|x64
		{F4649D2E-ACEE-45E7-A2C3-104B04C1F6EF}.Debug|x64.Build.0 = Debug|x64
		{F4649D2E-ACEE-45E7-A2C3-104B04C1F6EF}.Release|Any CPU.ActiveCfg = Release|x64
		{F4649D2E-ACEE-45E7-A2C3-104B04C1F6EF}.Release|x64.ActiveCfg = Release|x64
		{F4649D2E-ACEE-45E7-A2C3-104B04C1F6EF}.Release|x64.Build.0 = Release|x64
		{D9EE1E11-8983-4DC5-98E2-A31F8055CF82}.Debug|Any CPU.ActiveCfg = Debug|x64
		{D9EE1E11-8983-4DC5-98E2-A31F8055CF82}.Debug|Any CPU.Build.0 = Debug|x64
		{D9EE1E11-8983-4DC5-98E2-A31F8055CF82}.Debug|x64.ActiveCfg = Debug|x64
		{D9EE1E11-8983-4DC5-98E2-A31F8055CF82}.Debug|x64.Build.0 = Debug|x64
		{D9EE1E11-8983-4DC5-98E2-A31F8055CF82}.Release|Any CPU.ActiveCfg = Release|x64
		{D9EE1E11-8983-4DC5-98E2-A31F8055CF82}.Release|x64.ActiveCfg = Release|x64
		{D9EE1E11-8983-4DC5-98E2-A31F8055CF82}.Release|x64.Build.0 = Release|x64
		{B05CB544-3622-4555-BB8B-4E09D9A58A86}.Debug|Any CPU.ActiveCfg = Debug|x64
		{B05CB544-3622-4555-BB8B-4E09D9A58A86}.Debug|x64.ActiveCfg = Debug|x64
		{B05CB544-3622-4555-BB8B-4E09D9A58A86}.Debug|x64.Build.0 = Debug|x64
		{B05CB544-3622-4555-BB8B-4E09D9A58A86}.Release|Any CPU.ActiveCfg = Release|x64
		{B05CB544-3622-4555-BB8B-4E09D9A58A86}.Release|x64.ActiveCfg = Release|x64
		{B05CB544-3622-4555-BB8B-4E09D9A58A86}.Release|x64.Build.0 = Release|x64
		{DA84A485-63E3-4369-A3C4-3258C9ECF1CF}.Debug|Any CPU.ActiveCfg = Debug|x64
		{DA84A485-63E3-4369-A3C4-3258C9ECF1CF}.Debug|x64.ActiveCfg = Debug|x64
		{DA84A485-63E3-4369-A3C4-3258C9ECF1CF}.Debug|x64.Build.0 = Debug|x64
		{DA84A485-63E3-4369-A3C4-3258C9ECF1CF}.Release|Any CPU.ActiveCfg = Release|x64
		{DA84A485-63E3-4369-A3C4-3258C9ECF1CF}.Release|x64.ActiveCfg = Release|x64
		{DA84A485-63E3-4369-A3C4-3258C9ECF1CF}.Release|x64.Build.0 = Release|x64
		{46F3424F-F3A4-4B26-B0C3-EBD7429442E1}.Debug|Any CPU.ActiveCfg = Debug|x64
		{46F3424F-F3A4-4B26-B0C3-EBD7429442E1}.Debug|x64.ActiveCfg = Debug|x64
		{46F3424F-F3A4-4B26-B0C3-EBD7429442E1}.Debug|x64.Build.0 = Debug|x64
		{46F3424F-F3A4-4B26-B0C3-EBD7429442E1}.Release|Any CPU.ActiveCfg = Release|x64
		{46F3424F-F3A4-4B26-B0C3-EBD7429442E1}.Release|x64.ActiveCfg = Release|x64
		{46F3424F-F3A4-4B26-B0C3-EBD7429442E1}.Release|x64.Build.0 = Release|x64
		{EBC26A4B-E3CE-4035-9E5B-73789733A078}.Debug|Any CPU.ActiveCfg = Debug|x64
		{EBC26A4B-E3CE-4035-9E5B-73789733A078}.Debug|x64.ActiveCfg = Debug|x64
		{EBC26A4B-E3CE-4035-9E5B-73789733A078}.Debug|x64.Build.0 = Debug|x64
		{EBC26A4B-E3CE-4035-9E5B-73789733A078}.Release|Any CPU.ActiveCfg = Release|x64
		{EBC26A4B-E3CE-4035-9E5B-73789733A078}.Release|x64.ActiveCfg = Release|x64
		{EBC26A4B-E3CE-4035-9E5B-73789733A078}.Release|x64.Build.0 = Release|x64
	EndGlobalSection
	GlobalSection(SolutionProperties) = preSolution
		HideSolutionNode = FALSE
	EndGlobalSection
	GlobalSection(ExtensibilityGlobals) = postSolution
		SolutionGuid = {7D0C138D-3CF6-42D4-B4D9-45343D943C0A}
	EndGlobalSection
EndGlobal
