# -------------------------------------------------------------------------- #
#
# Copyright (C) 2018  Intel Corporation. All rights reserved.
# Your use of Intel Corporation's design tools, logic functions 
# and other software and tools, and its AMPP partner logic 
# functions, and any output files from any of the foregoing 
# (including device programming or simulation files), and any 
# associated documentation or information are expressly subject 
# to the terms and conditions of the Intel Program License 
# Subscription Agreement, the Intel Quartus Prime License Agreement,
# the Intel FPGA IP License Agreement, or other applicable license
# agreement, including, without limitation, that your use is for
# the sole purpose of programming logic devices manufactured by
# Intel and sold by Intel or its authorized distributors.  Please
# refer to the applicable agreement for further details.
#
# -------------------------------------------------------------------------- #
#
# Quartus Prime
# Version 18.1.0 Build 625 09/12/2018 SJ Lite Edition
# Date created = 11:31:58  December 23, 2021
#
# -------------------------------------------------------------------------- #
#
# Notes:
#
# 1) The default values for assignments are stored in the file:
#		test1_assignment_defaults.qdf
#    If this file doesn't exist, see file:
#		assignment_defaults.qdf
#
# 2) Altera recommends that you do not modify this file. This
#    file is updated automatically by the Quartus Prime software
#    and any changes you make may be lost or overwritten.
#
# -------------------------------------------------------------------------- #


set_global_assignment -name FAMILY "MAX II"
set_global_assignment -name DEVICE EPM1270GF256C4
set_global_assignment -name TOP_LEVEL_ENTITY top
set_global_assignment -name ORIGINAL_QUARTUS_VERSION 18.1.0
set_global_assignment -name PROJECT_CREATION_TIME_DATE "11:31:58  DECEMBER 23, 2021"
set_global_assignment -name LAST_QUARTUS_VERSION "18.1.0 Lite Edition"
set_global_assignment -name PROJECT_OUTPUT_DIRECTORY output_files
set_global_assignment -name MIN_CORE_JUNCTION_TEMP 0
set_global_assignment -name MAX_CORE_JUNCTION_TEMP 85
set_global_assignment -name ERROR_CHECK_FREQUENCY_DIVISOR "-1"
set_global_assignment -name BDF_FILE test1.bdf
set_global_assignment -name RESERVE_ALL_UNUSED_PINS "AS INPUT TRI-STATED WITH WEAK PULL-UP"
set_location_assignment PIN_E15 -to db_gpio0
set_location_assignment PIN_D16 -to db_gpio1
set_location_assignment PIN_M16 -to db_gpio10
set_location_assignment PIN_M15 -to db_gpio11
set_location_assignment PIN_N16 -to db_gpio12
set_location_assignment PIN_N15 -to db_gpio13
set_location_assignment PIN_D15 -to db_gpio2
set_location_assignment PIN_C15 -to db_gpio3
set_location_assignment PIN_E16 -to db_gpio4
set_location_assignment PIN_F15 -to db_gpio5
set_location_assignment PIN_F16 -to db_gpio6
set_location_assignment PIN_H12 -to db_gpio7
set_location_assignment PIN_P15 -to db_gpio8
set_location_assignment PIN_J12 -to db_gpio9
set_location_assignment PIN_A11 -to ext_gpio0
set_location_assignment PIN_A10 -to ext_gpio1
set_location_assignment PIN_A2 -to ext_gpio10
set_location_assignment PIN_B4 -to ext_gpio11
set_location_assignment PIN_A4 -to ext_gpio12
set_location_assignment PIN_A5 -to ext_gpio13
set_location_assignment PIN_B7 -to ext_gpio14
set_location_assignment PIN_B8 -to ext_gpio15
set_location_assignment PIN_A8 -to ext_gpio16
set_location_assignment PIN_A9 -to ext_gpio17
set_location_assignment PIN_B11 -to ext_gpio18
set_location_assignment PIN_B12 -to ext_gpio19
set_location_assignment PIN_B10 -to ext_gpio2
set_location_assignment PIN_B9 -to ext_gpio3
set_location_assignment PIN_A7 -to ext_gpio4
set_location_assignment PIN_A6 -to ext_gpio5
set_location_assignment PIN_B6 -to ext_gpio6
set_location_assignment PIN_B5 -to ext_gpio7
set_location_assignment PIN_B3 -to ext_gpio8
set_location_assignment PIN_B1 -to ext_gpio9
set_location_assignment PIN_K3 -to led_lo1a
set_location_assignment PIN_M3 -to led_lo1b
set_location_assignment PIN_H2 -to led_lo2a
set_location_assignment PIN_J3 -to led_lo2b
set_location_assignment PIN_J2 -to led_rx_a
set_location_assignment PIN_K1 -to led_rx_b
set_location_assignment PIN_B14 -to led_trx_b
set_location_assignment PIN_A15 -to led_trx_g
set_location_assignment PIN_B16 -to led_trx_r
set_location_assignment PIN_D10 -to led_tx
set_location_assignment PIN_A12 -to led_tx_b
set_location_assignment PIN_A13 -to led_tx_g
set_location_assignment PIN_B13 -to led_tx_r
set_location_assignment PIN_C3 -to lo1_ce
set_location_assignment PIN_E3 -to lo1_data
set_location_assignment PIN_D3 -to lo1_dclk
set_location_assignment PIN_F3 -to lo1_dle
set_location_assignment PIN_L3 -to lo1_muxout
set_location_assignment PIN_E2 -to lo1_rampclk
set_location_assignment PIN_D1 -to lo1_rampdir
set_location_assignment PIN_C2 -to lo1_refreq
set_location_assignment PIN_D2 -to lo1_sync
set_location_assignment PIN_G3 -to lo2_ce
set_location_assignment PIN_G1 -to lo2_data
set_location_assignment PIN_H1 -to lo2_dclk
set_location_assignment PIN_H3 -to lo2_dle
set_location_assignment PIN_H4 -to lo2_muxout
set_location_assignment PIN_G2 -to lo2_rampclk
set_location_assignment PIN_F1 -to lo2_rampdir
set_location_assignment PIN_F2 -to lo2_refreq
set_location_assignment PIN_E1 -to lo2_sync
set_location_assignment PIN_D12 -to npwren_n5p5v
set_location_assignment PIN_C11 -to pgood_3p6v_all
set_location_assignment PIN_D11 -to pgood_5p5v_all
set_location_assignment PIN_P2 -to pgood_5v_rx_a_1
set_location_assignment PIN_D9 -to pgood_5v_rx_a_2
set_location_assignment PIN_M1 -to pgood_5v_rx_b_1
set_location_assignment PIN_R16 -to pgood_5v_rx_b_2
set_location_assignment PIN_D8 -to pgood_5v_tx
set_location_assignment PIN_C10 -to pwclk_3p6v_all
set_location_assignment PIN_C13 -to pwclk_5p5v_all
set_location_assignment PIN_M4 -to pwren_3p3v_lo1
set_location_assignment PIN_N3 -to pwren_3p3v_lo2
set_location_assignment PIN_J1 -to pwren_3p3v_rx_a
set_location_assignment PIN_K2 -to pwren_3p3v_rx_b
set_location_assignment PIN_C12 -to pwren_5p5v_all
set_location_assignment PIN_N2 -to pwren_5v_rx_a_1
set_location_assignment PIN_C9 -to pwren_5v_rx_a_2
set_location_assignment PIN_M2 -to pwren_5v_rx_b_1
set_location_assignment PIN_T15 -to pwren_5v_rx_b_2
set_location_assignment PIN_E9 -to pwren_5v_tx
set_location_assignment PIN_R1 -to rx_a_amp_en
set_location_assignment PIN_R13 -to rx_a_drv_pwup
set_location_assignment PIN_L2 -to rx_a_mix_en
set_location_assignment PIN_R5 -to rx_a_sw_v1in
set_location_assignment PIN_T13 -to rx_a_sw_v1out
set_location_assignment PIN_T4 -to rx_a_sw_v2in
set_location_assignment PIN_R12 -to rx_a_sw_v2out
set_location_assignment PIN_T5 -to rx_a_sw_v3in
set_location_assignment PIN_T12 -to rx_a_sw_v3out
set_location_assignment PIN_N1 -to rx_b_amp_en
set_location_assignment PIN_R14 -to rx_b_drv_pwup
set_location_assignment PIN_L1 -to rx_b_mix_en
set_location_assignment PIN_T2 -to rx_b_sw_v1in
set_location_assignment PIN_T7 -to rx_b_sw_v1out
set_location_assignment PIN_R3 -to rx_b_sw_v2in
set_location_assignment PIN_T6 -to rx_b_sw_v2out
set_location_assignment PIN_R4 -to rx_b_sw_v3in
set_location_assignment PIN_R6 -to rx_b_sw_v3out
set_location_assignment PIN_C8 -to tx_mod_dis
