
Microsoft Visual Studio Solution File, Format Version 12.00
# Visual Studio 2012
Project("{FAE04EC0-301F-11D3-BF4B-00C04F79EFBC}") = "WinUsb_cs", "WinUsb_cs.csproj", "{DAEB83A4-5868-4725-A15D-85F75DB87EAC}"
EndProject
Global
	GlobalSection(SolutionConfigurationPlatforms) = preSolution
		Debug|Any CPU = Debug|Any CPU
		Debug|x86 = Debug|x86
		Release|Any CPU = Release|Any CPU
		Release|x86 = Release|x86
	EndGlobalSection
	GlobalSection(ProjectConfigurationPlatforms) = postSolution
		{DAEB83A4-5868-4725-A15D-85F75DB87EAC}.Debug|Any CPU.ActiveCfg = Release|Any CPU
		{DAEB83A4-5868-4725-A15D-85F75DB87EAC}.Debug|Any CPU.Build.0 = Release|Any CPU
		{DAEB83A4-5868-4725-A15D-85F75DB87EAC}.Debug|x86.ActiveCfg = Debug|Any CPU
		{DAEB83A4-5868-4725-A15D-85F75DB87EAC}.Release|Any CPU.ActiveCfg = Release|Any CPU
		{DAEB83A4-5868-4725-A15D-85F75DB87EAC}.Release|Any CPU.Build.0 = Release|Any CPU
		{DAEB83A4-5868-4725-A15D-85F75DB87EAC}.Release|x86.ActiveCfg = Release|Any CPU
	EndGlobalSection
	GlobalSection(SolutionProperties) = preSolution
		HideSolutionNode = FALSE
	EndGlobalSection
EndGlobal
